{
  "name": "npm",
  "version": "1.0.0",
  "lockfileVersion": 2,
  "requires": true,
  "packages": {
    "": {
      "name": "npm",
      "version": "1.0.0",
      "license": "ISC",
      "dependencies": {
        "@vant/weapp": "^1.10.14",
        "coolui-scroller": "^3.1.2"
      },
      "devDependencies": {}
    },
    "node_modules/@vant/weapp": {
      "version": "1.10.14",
      "resolved": "https://registry.npmmirror.com/@vant/weapp/-/weapp-1.10.14.tgz",
      "integrity": "sha512-5usuhoN1kiOV6pzrdVzHrAux6DupKlGd9w+yYc992Zy1n1wHLZMb1dGM3+xtbNE3tpWE2qv95vIFSMpJRFyE7Q=="
    },
    "node_modules/coolui-scroller": {
      "version": "3.1.2",
      "resolved": "https://registry.npmmirror.com/coolui-scroller/-/coolui-scroller-3.1.2.tgz",
      "integrity": "sha512-jT4hpExHopUnqzdyIDg4KZvF90QM+PJh3ZQQ7VPM5ZJE0kJ7s6GJgxmNHNnJ6UCPno/ZeIeVy49lde7tWMFTkA=="
    }
  },
  "dependencies": {
    "@vant/weapp": {
      "version": "1.10.14",
      "resolved": "https://registry.npmmirror.com/@vant/weapp/-/weapp-1.10.14.tgz",
      "integrity": "sha512-5usuhoN1kiOV6pzrdVzHrAux6DupKlGd9w+yYc992Zy1n1wHLZMb1dGM3+xtbNE3tpWE2qv95vIFSMpJRFyE7Q=="
    },
    "coolui-scroller": {
      "version": "3.1.2",
      "resolved": "https://registry.npmmirror.com/coolui-scroller/-/coolui-scroller-3.1.2.tgz",
      "integrity": "sha512-jT4hpExHopUnqzdyIDg4KZvF90QM+PJh3ZQQ7VPM5ZJE0kJ7s6GJgxmNHNnJ6UCPno/ZeIeVy49lde7tWMFTkA=="
    }
  }
}
